
Microsoft Visual Studio Solution File, Format Version 12.00
# Visual Studio Version 17
VisualStudioVersion = 17.8.34330.188
MinimumVisualStudioVersion = 10.0.40219.1
Project("{FAE04EC0-301F-11D3-BF4B-00C04F79EFBC}") = "GradeCalculatorSalvador", "GradeCalculatorSalvador.csproj", "{50C884AF-BD30-41A8-A72D-BB62D1677FB1}"
EndProject
Global
	GlobalSection(SolutionConfigurationPlatforms) = preSolution
		Debug|Any CPU = Debug|Any CPU
		Release|Any CPU = Release|Any CPU
	EndGlobalSection
	GlobalSection(ProjectConfigurationPlatforms) = postSolution
		{50C884AF-BD30-41A8-A72D-BB62D1677FB1}.Debug|Any CPU.ActiveCfg = Debug|Any CPU
		{50C884AF-BD30-41A8-A72D-BB62D1677FB1}.Debug|Any CPU.Build.0 = Debug|Any CPU
		{50C884AF-BD30-41A8-A72D-BB62D1677FB1}.Release|Any CPU.ActiveCfg = Release|Any CPU
		{50C884AF-BD30-41A8-A72D-BB62D1677FB1}.Release|Any CPU.Build.0 = Release|Any CPU
	EndGlobalSection
	GlobalSection(SolutionProperties) = preSolution
		HideSolutionNode = FALSE
	EndGlobalSection
	GlobalSection(ExtensibilityGlobals) = postSolution
		SolutionGuid = {D49F4F61-2870-4C47-8BB6-A1E1DC808F5C}
	EndGlobalSection
EndGlobal
